{
  "nodes": {
    "DARE": {
      "inputs": {
        "microvm": "microvm",
        "nixpkgs": "nixpkgs"
      },
      "locked": {
        "dir": "nix/vm/DARE",
        "lastModified": 1766966833,
        "narHash": "sha256-x5uYQm3EBLiE9F05iMxEyx0yrO9duKGN6g3jDL5GPDI=",
        "ref": "refs/heads/main",
        "rev": "d806a0449bd9c1804abcd1261c334ae3c6d7e114",
        "revCount": 66,
        "type": "git",
        "url": "file:///root/dotfiles/"
      },
      "original": {
        "dir": "nix/vm/DARE",
        "type": "git",
        "url": "file:///root/dotfiles/"
      }
    },
    "KAIZOKU": {
      "inputs": {
        "bleeding": "bleeding",
        "microvm": "microvm_2",
        "nixpkgs": "nixpkgs_2"
      },
      "locked": {
        "dir": "nix/vm/KAIZOKU",
        "lastModified": 1766966833,
        "narHash": "sha256-x5uYQm3EBLiE9F05iMxEyx0yrO9duKGN6g3jDL5GPDI=",
        "ref": "refs/heads/main",
        "rev": "d806a0449bd9c1804abcd1261c334ae3c6d7e114",
        "revCount": 66,
        "type": "git",
        "url": "file:///root/dotfiles"
      },
      "original": {
        "dir": "nix/vm/KAIZOKU",
        "type": "git",
        "url": "file:///root/dotfiles"
      }
    },
    "SOTO": {
      "inputs": {
        "bleeding": "bleeding_2",
        "microvm": "microvm_3",
        "nixpkgs": "nixpkgs_3"
      },
      "locked": {
        "dir": "nix/vm/SOTO",
        "lastModified": 1766966833,
        "narHash": "sha256-x5uYQm3EBLiE9F05iMxEyx0yrO9duKGN6g3jDL5GPDI=",
        "ref": "refs/heads/main",
        "rev": "d806a0449bd9c1804abcd1261c334ae3c6d7e114",
        "revCount": 66,
        "type": "git",
        "url": "file:///root/dotfiles"
      },
      "original": {
        "dir": "nix/vm/SOTO",
        "type": "git",
        "url": "file:///root/dotfiles"
      }
    },
    "UCHI": {
      "inputs": {
        "bleeding": "bleeding_3",
        "microvm": "microvm_4",
        "nixpkgs": "nixpkgs_4"
      },
      "locked": {
        "dir": "nix/vm/UCHI",
        "lastModified": 1766966833,
        "narHash": "sha256-x5uYQm3EBLiE9F05iMxEyx0yrO9duKGN6g3jDL5GPDI=",
        "ref": "refs/heads/main",
        "rev": "d806a0449bd9c1804abcd1261c334ae3c6d7e114",
        "revCount": 66,
        "type": "git",
        "url": "file:///root/dotfiles"
      },
      "original": {
        "dir": "nix/vm/UCHI",
        "type": "git",
        "url": "file:///root/dotfiles"
      }
    },
    "bleeding": {
      "locked": {
        "lastModified": 1766908496,
        "narHash": "sha256-X4v9MVu6d01mipDCxrPqA0xPv+AoTHvSofmsvc2H6wE=",
        "owner": "NixOS",
        "repo": "nixpkgs",
        "rev": "ce7db87dd6967ff2404dd58c554b50143db61f0a",
        "type": "github"
      },
      "original": {
        "owner": "NixOS",
        "ref": "master",
        "repo": "nixpkgs",
        "type": "github"
      }
    },
    "bleeding_2": {
      "locked": {
        "lastModified": 1766908496,
        "narHash": "sha256-X4v9MVu6d01mipDCxrPqA0xPv+AoTHvSofmsvc2H6wE=",
        "owner": "NixOS",
        "repo": "nixpkgs",
        "rev": "ce7db87dd6967ff2404dd58c554b50143db61f0a",
        "type": "github"
      },
      "original": {
        "owner": "NixOS",
        "ref": "master",
        "repo": "nixpkgs",
        "type": "github"
      }
    },
    "bleeding_3": {
      "locked": {
        "lastModified": 1766908496,
        "narHash": "sha256-X4v9MVu6d01mipDCxrPqA0xPv+AoTHvSofmsvc2H6wE=",
        "owner": "NixOS",
        "repo": "nixpkgs",
        "rev": "ce7db87dd6967ff2404dd58c554b50143db61f0a",
        "type": "github"
      },
      "original": {
        "owner": "NixOS",
        "ref": "master",
        "repo": "nixpkgs",
        "type": "github"
      }
    },
    "bleeding_4": {
      "locked": {
        "lastModified": 1765913442,
        "narHash": "sha256-GLs5VRinJKYJJzxAeV3O8FJaKUgbFJjVl3WF3l5DWnA=",
        "owner": "NixOS",
        "repo": "nixpkgs",
        "rev": "5ba0e71fba1465f6c623f87db91414616f969d4f",
        "type": "github"
      },
      "original": {
        "owner": "NixOS",
        "ref": "master",
        "repo": "nixpkgs",
        "type": "github"
      }
    },
    "microvm": {
      "inputs": {
        "nixpkgs": [
          "DARE",
          "nixpkgs"
        ],
        "spectrum": "spectrum"
      },
      "locked": {
        "lastModified": 1766664413,
        "narHash": "sha256-zP/5t+ZDVSjflXalMu8aN5vCb2HuoNMRGeP3FzLKJOM=",
        "owner": "microvm-nix",
        "repo": "microvm.nix",
        "rev": "a4c90d904703096b51abcb5d09417d98604c5f30",
        "type": "github"
      },
      "original": {
        "owner": "microvm-nix",
        "repo": "microvm.nix",
        "type": "github"
      }
    },
    "microvm_2": {
      "inputs": {
        "nixpkgs": [
          "KAIZOKU",
          "nixpkgs"
        ],
        "spectrum": "spectrum_2"
      },
      "locked": {
        "lastModified": 1766664413,
        "narHash": "sha256-zP/5t+ZDVSjflXalMu8aN5vCb2HuoNMRGeP3FzLKJOM=",
        "owner": "microvm-nix",
        "repo": "microvm.nix",
        "rev": "a4c90d904703096b51abcb5d09417d98604c5f30",
        "type": "github"
      },
      "original": {
        "owner": "microvm-nix",
        "repo": "microvm.nix",
        "type": "github"
      }
    },
    "microvm_3": {
      "inputs": {
        "nixpkgs": [
          "SOTO",
          "nixpkgs"
        ],
        "spectrum": "spectrum_3"
      },
      "locked": {
        "lastModified": 1766664413,
        "narHash": "sha256-zP/5t+ZDVSjflXalMu8aN5vCb2HuoNMRGeP3FzLKJOM=",
        "owner": "microvm-nix",
        "repo": "microvm.nix",
        "rev": "a4c90d904703096b51abcb5d09417d98604c5f30",
        "type": "github"
      },
      "original": {
        "owner": "microvm-nix",
        "repo": "microvm.nix",
        "type": "github"
      }
    },
    "microvm_4": {
      "inputs": {
        "nixpkgs": [
          "UCHI",
          "nixpkgs"
        ],
        "spectrum": "spectrum_4"
      },
      "locked": {
        "lastModified": 1766664413,
        "narHash": "sha256-zP/5t+ZDVSjflXalMu8aN5vCb2HuoNMRGeP3FzLKJOM=",
        "owner": "microvm-nix",
        "repo": "microvm.nix",
        "rev": "a4c90d904703096b51abcb5d09417d98604c5f30",
        "type": "github"
      },
      "original": {
        "owner": "microvm-nix",
        "repo": "microvm.nix",
        "type": "github"
      }
    },
    "microvm_5": {
      "inputs": {
        "nixpkgs": [
          "nixpkgs"
        ],
        "spectrum": "spectrum_5"
      },
      "locked": {
        "lastModified": 1766005889,
        "narHash": "sha256-UCFkQ37BKDmPEHDkW1BaqJo6AZFoVcogtuyxTg4/a8M=",
        "owner": "microvm-nix",
        "repo": "microvm.nix",
        "rev": "bb9e99bdb3662354299605cc1a75a2b1a86bd29a",
        "type": "github"
      },
      "original": {
        "owner": "microvm-nix",
        "repo": "microvm.nix",
        "type": "github"
      }
    },
    "nixos-hardware": {
      "locked": {
        "lastModified": 1764440730,
        "narHash": "sha256-ZlJTNLUKQRANlLDomuRWLBCH5792x+6XUJ4YdFRjtO4=",
        "owner": "NixOS",
        "repo": "nixos-hardware",
        "rev": "9154f4569b6cdfd3c595851a6ba51bfaa472d9f3",
        "type": "github"
      },
      "original": {
        "owner": "NixOS",
        "repo": "nixos-hardware",
        "type": "github"
      }
    },
    "nixpkgs": {
      "locked": {
        "lastModified": 1766651565,
        "narHash": "sha256-QEhk0eXgyIqTpJ/ehZKg9IKS7EtlWxF3N7DXy42zPfU=",
        "owner": "NixOS",
        "repo": "nixpkgs",
        "rev": "3e2499d5539c16d0d173ba53552a4ff8547f4539",
        "type": "github"
      },
      "original": {
        "owner": "NixOS",
        "ref": "nixos-unstable",
        "repo": "nixpkgs",
        "type": "github"
      }
    },
    "nixpkgs_2": {
      "locked": {
        "lastModified": 1766651565,
        "narHash": "sha256-QEhk0eXgyIqTpJ/ehZKg9IKS7EtlWxF3N7DXy42zPfU=",
        "owner": "NixOS",
        "repo": "nixpkgs",
        "rev": "3e2499d5539c16d0d173ba53552a4ff8547f4539",
        "type": "github"
      },
      "original": {
        "owner": "NixOS",
        "ref": "nixos-unstable",
        "repo": "nixpkgs",
        "type": "github"
      }
    },
    "nixpkgs_3": {
      "locked": {
        "lastModified": 1766651565,
        "narHash": "sha256-QEhk0eXgyIqTpJ/ehZKg9IKS7EtlWxF3N7DXy42zPfU=",
        "owner": "NixOS",
        "repo": "nixpkgs",
        "rev": "3e2499d5539c16d0d173ba53552a4ff8547f4539",
        "type": "github"
      },
      "original": {
        "owner": "NixOS",
        "ref": "nixos-unstable",
        "repo": "nixpkgs",
        "type": "github"
      }
    },
    "nixpkgs_4": {
      "locked": {
        "lastModified": 1766651565,
        "narHash": "sha256-QEhk0eXgyIqTpJ/ehZKg9IKS7EtlWxF3N7DXy42zPfU=",
        "owner": "NixOS",
        "repo": "nixpkgs",
        "rev": "3e2499d5539c16d0d173ba53552a4ff8547f4539",
        "type": "github"
      },
      "original": {
        "owner": "NixOS",
        "ref": "nixos-unstable",
        "repo": "nixpkgs",
        "type": "github"
      }
    },
    "nixpkgs_5": {
      "locked": {
        "lastModified": 1765779637,
        "narHash": "sha256-KJ2wa/BLSrTqDjbfyNx70ov/HdgNBCBBSQP3BIzKnv4=",
        "owner": "NixOS",
        "repo": "nixpkgs",
        "rev": "1306659b587dc277866c7b69eb97e5f07864d8c4",
        "type": "github"
      },
      "original": {
        "owner": "NixOS",
        "ref": "nixos-unstable",
        "repo": "nixpkgs",
        "type": "github"
      }
    },
    "root": {
      "inputs": {
        "DARE": "DARE",
        "KAIZOKU": "KAIZOKU",
        "SOTO": "SOTO",
        "UCHI": "UCHI",
        "bleeding": "bleeding_4",
        "microvm": "microvm_5",
        "nixos-hardware": "nixos-hardware",
        "nixpkgs": "nixpkgs_5",
        "sops-nix": "sops-nix"
      }
    },
    "sops-nix": {
      "inputs": {
        "nixpkgs": [
          "nixpkgs"
        ]
      },
      "locked": {
        "lastModified": 1765836173,
        "narHash": "sha256-hWRYfdH2ONI7HXbqZqW8Q1y9IRbnXWvtvt/ONZovSNY=",
        "owner": "Mic92",
        "repo": "sops-nix",
        "rev": "443a7f2e7e118c4fc63b7fae05ab3080dd0e5c63",
        "type": "github"
      },
      "original": {
        "owner": "Mic92",
        "repo": "sops-nix",
        "type": "github"
      }
    },
    "spectrum": {
      "flake": false,
      "locked": {
        "lastModified": 1759482047,
        "narHash": "sha256-H1wiXRQHxxPyMMlP39ce3ROKCwI5/tUn36P8x6dFiiQ=",
        "ref": "refs/heads/main",
        "rev": "c5d5786d3dc938af0b279c542d1e43bce381b4b9",
        "revCount": 996,
        "type": "git",
        "url": "https://spectrum-os.org/git/spectrum"
      },
      "original": {
        "type": "git",
        "url": "https://spectrum-os.org/git/spectrum"
      }
    },
    "spectrum_2": {
      "flake": false,
      "locked": {
        "lastModified": 1759482047,
        "narHash": "sha256-H1wiXRQHxxPyMMlP39ce3ROKCwI5/tUn36P8x6dFiiQ=",
        "ref": "refs/heads/main",
        "rev": "c5d5786d3dc938af0b279c542d1e43bce381b4b9",
        "revCount": 996,
        "type": "git",
        "url": "https://spectrum-os.org/git/spectrum"
      },
      "original": {
        "type": "git",
        "url": "https://spectrum-os.org/git/spectrum"
      }
    },
    "spectrum_3": {
      "flake": false,
      "locked": {
        "lastModified": 1759482047,
        "narHash": "sha256-H1wiXRQHxxPyMMlP39ce3ROKCwI5/tUn36P8x6dFiiQ=",
        "ref": "refs/heads/main",
        "rev": "c5d5786d3dc938af0b279c542d1e43bce381b4b9",
        "revCount": 996,
        "type": "git",
        "url": "https://spectrum-os.org/git/spectrum"
      },
      "original": {
        "type": "git",
        "url": "https://spectrum-os.org/git/spectrum"
      }
    },
    "spectrum_4": {
      "flake": false,
      "locked": {
        "lastModified": 1759482047,
        "narHash": "sha256-H1wiXRQHxxPyMMlP39ce3ROKCwI5/tUn36P8x6dFiiQ=",
        "ref": "refs/heads/main",
        "rev": "c5d5786d3dc938af0b279c542d1e43bce381b4b9",
        "revCount": 996,
        "type": "git",
        "url": "https://spectrum-os.org/git/spectrum"
      },
      "original": {
        "type": "git",
        "url": "https://spectrum-os.org/git/spectrum"
      }
    },
    "spectrum_5": {
      "flake": false,
      "locked": {
        "lastModified": 1759482047,
        "narHash": "sha256-H1wiXRQHxxPyMMlP39ce3ROKCwI5/tUn36P8x6dFiiQ=",
        "ref": "refs/heads/main",
        "rev": "c5d5786d3dc938af0b279c542d1e43bce381b4b9",
        "revCount": 996,
        "type": "git",
        "url": "https://spectrum-os.org/git/spectrum"
      },
      "original": {
        "type": "git",
        "url": "https://spectrum-os.org/git/spectrum"
      }
    }
  },
  "root": "root",
  "version": 7
}
