{
  "nodes": {
    "bleeding": {
      "locked": {
        "lastModified": 1768851127,
        "narHash": "sha256-qUgwwOF5pzvu0IzlxdhAZ6kcLE6R+NO8kyQYxtTLLgw=",
        "owner": "NixOS",
        "repo": "nixpkgs",
        "rev": "7f805255d6eeaeb3f2fa414ee1c884ca8a0b3837",
        "type": "github"
      },
      "original": {
        "owner": "NixOS",
        "ref": "master",
        "repo": "nixpkgs",
        "type": "github"
      }
    },
    "microvm": {
      "inputs": {
        "nixpkgs": [
          "nixpkgs"
        ],
        "spectrum": "spectrum"
      },
      "locked": {
        "lastModified": 1768682386,
        "narHash": "sha256-mKrMf7eG9TM2AM3pTuhIiCGmZ/JwDegCQH3ThVqcTuc=",
        "owner": "microvm-nix",
        "repo": "microvm.nix",
        "rev": "f469c1dfede623bbbf1ac605f6359316fd4002ef",
        "type": "github"
      },
      "original": {
        "owner": "microvm-nix",
        "repo": "microvm.nix",
        "type": "github"
      }
    },
    "nixpkgs": {
      "locked": {
        "lastModified": 1767742796,
        "narHash": "sha256-RZ3Ctl3lyFg8ehqOr1fnWPgM+J2EXNK6Pm5wZMGcwNo=",
        "owner": "NixOS",
        "repo": "nixpkgs",
        "rev": "90bc71c88c6f507c85913b1f11d3e619f0044e75",
        "type": "github"
      },
      "original": {
        "owner": "NixOS",
        "repo": "nixpkgs",
        "rev": "90bc71c88c6f507c85913b1f11d3e619f0044e75",
        "type": "github"
      }
    },
    "root": {
      "inputs": {
        "bleeding": "bleeding",
        "microvm": "microvm",
        "nixpkgs": "nixpkgs"
      }
    },
    "spectrum": {
      "flake": false,
      "locked": {
        "lastModified": 1759482047,
        "narHash": "sha256-H1wiXRQHxxPyMMlP39ce3ROKCwI5/tUn36P8x6dFiiQ=",
        "ref": "refs/heads/main",
        "rev": "c5d5786d3dc938af0b279c542d1e43bce381b4b9",
        "revCount": 996,
        "type": "git",
        "url": "https://spectrum-os.org/git/spectrum"
      },
      "original": {
        "type": "git",
        "url": "https://spectrum-os.org/git/spectrum"
      }
    }
  },
  "root": "root",
  "version": 7
}
