{
  "nodes": {
    "bleeding": {
      "locked": {
        "lastModified": 1769540155,
        "narHash": "sha256-1RctsHxtoeQ0yT+TAhAmnkkqOG3wvmhLv1t/Bxl6UeQ=",
        "owner": "NixOS",
        "repo": "nixpkgs",
        "rev": "7a6746ae292e46bedbd532f422eff4434607f6fb",
        "type": "github"
      },
      "original": {
        "owner": "NixOS",
        "ref": "master",
        "repo": "nixpkgs",
        "type": "github"
      }
    },
    "microvm": {
      "inputs": {
        "nixpkgs": [
          "nixpkgs"
        ],
        "spectrum": "spectrum"
      },
      "locked": {
        "lastModified": 1768682386,
        "narHash": "sha256-mKrMf7eG9TM2AM3pTuhIiCGmZ/JwDegCQH3ThVqcTuc=",
        "owner": "microvm-nix",
        "repo": "microvm.nix",
        "rev": "f469c1dfede623bbbf1ac605f6359316fd4002ef",
        "type": "github"
      },
      "original": {
        "owner": "microvm-nix",
        "repo": "microvm.nix",
        "type": "github"
      }
    },
    "nixpkgs": {
      "locked": {
        "lastModified": 1769170682,
        "narHash": "sha256-oMmN1lVQU0F0W2k6OI3bgdzp2YOHWYUAw79qzDSjenU=",
        "owner": "NixOS",
        "repo": "nixpkgs",
        "rev": "c5296fdd05cfa2c187990dd909864da9658df755",
        "type": "github"
      },
      "original": {
        "owner": "NixOS",
        "ref": "nixos-unstable",
        "repo": "nixpkgs",
        "type": "github"
      }
    },
    "root": {
      "inputs": {
        "bleeding": "bleeding",
        "microvm": "microvm",
        "nixpkgs": "nixpkgs"
      }
    },
    "spectrum": {
      "flake": false,
      "locked": {
        "lastModified": 1759482047,
        "narHash": "sha256-H1wiXRQHxxPyMMlP39ce3ROKCwI5/tUn36P8x6dFiiQ=",
        "ref": "refs/heads/main",
        "rev": "c5d5786d3dc938af0b279c542d1e43bce381b4b9",
        "revCount": 996,
        "type": "git",
        "url": "https://spectrum-os.org/git/spectrum"
      },
      "original": {
        "type": "git",
        "url": "https://spectrum-os.org/git/spectrum"
      }
    }
  },
  "root": "root",
  "version": 7
}
