{
  "nodes": {
    "nixpkgs": {
      "locked": {
        "lastModified": 1771848320,
        "narHash": "sha256-0MAd+0mun3K/Ns8JATeHT1sX28faLII5hVLq0L3BdZU=",
        "owner": "NixOS",
        "repo": "nixpkgs",
        "rev": "2fc6539b481e1d2569f25f8799236694180c0993",
        "type": "github"
      },
      "original": {
        "owner": "NixOS",
        "ref": "nixos-unstable",
        "repo": "nixpkgs",
        "type": "github"
      }
    },
    "quadlet-nix": {
      "locked": {
        "lastModified": 1770606362,
        "narHash": "sha256-6pOOPOQr4rtgShBtkLkSDTql5rRqcUgTRz8O+axK2eM=",
        "owner": "SEIAROTg",
        "repo": "quadlet-nix",
        "rev": "f4ae60350ea6015b6560cbd0e1f11f7e195c993d",
        "type": "github"
      },
      "original": {
        "owner": "SEIAROTg",
        "repo": "quadlet-nix",
        "type": "github"
      }
    },
    "root": {
      "inputs": {
        "nixpkgs": "nixpkgs",
        "quadlet-nix": "quadlet-nix"
      }
    }
  },
  "root": "root",
  "version": 7
}
